
Microsoft Visual Studio Solution File, Format Version 12.00
# Visual Studio Version 17
VisualStudioVersion = 17.3.32922.545
MinimumVisualStudioVersion = 10.0.40219.1
Project("{FAE04EC0-301F-11D3-BF4B-00C04F79EFBC}") = "VoyageAirlines.Api", "VoyageAirlines.Api\VoyageAirlines.Api.csproj", "{29531461-3136-4A07-B109-67C1FCA3FA94}"
EndProject
Global
	GlobalSection(SolutionConfigurationPlatforms) = preSolution
		Debug|Any CPU = Debug|Any CPU
		Release|Any CPU = Release|Any CPU
	EndGlobalSection
	GlobalSection(ProjectConfigurationPlatforms) = postSolution
		{29531461-3136-4A07-B109-67C1FCA3FA94}.Debug|Any CPU.ActiveCfg = Debug|Any CPU
		{29531461-3136-4A07-B109-67C1FCA3FA94}.Debug|Any CPU.Build.0 = Debug|Any CPU
		{29531461-3136-4A07-B109-67C1FCA3FA94}.Release|Any CPU.ActiveCfg = Release|Any CPU
		{29531461-3136-4A07-B109-67C1FCA3FA94}.Release|Any CPU.Build.0 = Release|Any CPU
	EndGlobalSection
	GlobalSection(SolutionProperties) = preSolution
		HideSolutionNode = FALSE
	EndGlobalSection
	GlobalSection(ExtensibilityGlobals) = postSolution
		SolutionGuid = {413C8019-082F-4BE1-A694-FD5EEB62CC69}
	EndGlobalSection
EndGlobal
